// !$*UTF8*$!
{
	archiveVersion = 1;
	classes = {
	};
	objectVersion = 77;
	objects = {

/* Begin PBXBuildFile section */
		9425F08D2E69B592009A884A /* AppDelegate.swift in Sources */ = {isa = PBXBuildFile; fileRef = 9425F0832E69B592009A884A /* AppDelegate.swift */; };
		9425F08E2E69B592009A884A /* SceneDelegate.swift in Sources */ = {isa = PBXBuildFile; fileRef = 9425F08A2E69B592009A884A /* SceneDelegate.swift */; };
		9425F08F2E69B592009A884A /* TabBarController.swift in Sources */ = {isa = PBXBuildFile; fileRef = 9425F08B2E69B592009A884A /* TabBarController.swift */; };
		9425F0902E69B592009A884A /* Assets.xcassets in Resources */ = {isa = PBXBuildFile; fileRef = 9425F0842E69B592009A884A /* Assets.xcassets */; };
		9425F0922E69B592009A884A /* LaunchScreen.storyboard in Resources */ = {isa = PBXBuildFile; fileRef = 9425F0872E69B592009A884A /* LaunchScreen.storyboard */; };
		9425F0982E6AC8AE009A884A /* UIViewController+Extensions.swift in Sources */ = {isa = PBXBuildFile; fileRef = 9425F0972E6AC8AA009A884A /* UIViewController+Extensions.swift */; };
		9468BEB52E6EB4D700419591 /* StatsViewController.swift in Sources */ = {isa = PBXBuildFile; fileRef = 9468BEB42E6EB4C900419591 /* StatsViewController.swift */; };
		9468BEB72E6EB52100419591 /* TrackersViewController.swift in Sources */ = {isa = PBXBuildFile; fileRef = 9468BEB62E6EB50E00419591 /* TrackersViewController.swift */; };
		9468BEB92E6ED0B800419591 /* UIView+Extensions.swift in Sources */ = {isa = PBXBuildFile; fileRef = 9468BEB82E6ED0B300419591 /* UIView+Extensions.swift */; };
		9468BEBB2E6ED9B100419591 /* UIButton+Extensions.swift in Sources */ = {isa = PBXBuildFile; fileRef = 9468BEBA2E6ED9A400419591 /* UIButton+Extensions.swift */; };
		9468BEBD2E700FFD00419591 /* UILabel+Extensions.swift in Sources */ = {isa = PBXBuildFile; fileRef = 9468BEBC2E700FF100419591 /* UILabel+Extensions.swift */; };
		94FF964F2E72C10E00B75A0F /* Tracker.swift in Sources */ = {isa = PBXBuildFile; fileRef = 94FF964E2E72C10A00B75A0F /* Tracker.swift */; };
		94FF96512E72C31200B75A0F /* TrackerCategory.swift in Sources */ = {isa = PBXBuildFile; fileRef = 94FF96502E72C30B00B75A0F /* TrackerCategory.swift */; };
		94FF96532E72C36800B75A0F /* TrackerRecord.swift in Sources */ = {isa = PBXBuildFile; fileRef = 94FF96522E72C36200B75A0F /* TrackerRecord.swift */; };
/* End PBXBuildFile section */

/* Begin PBXFileReference section */
		9425F06B2E69B548009A884A /* Tracker.app */ = {isa = PBXFileReference; explicitFileType = wrapper.application; includeInIndex = 0; path = Tracker.app; sourceTree = BUILT_PRODUCTS_DIR; };
		9425F0832E69B592009A884A /* AppDelegate.swift */ = {isa = PBXFileReference; lastKnownFileType = sourcecode.swift; path = AppDelegate.swift; sourceTree = "<group>"; };
		9425F0842E69B592009A884A /* Assets.xcassets */ = {isa = PBXFileReference; lastKnownFileType = folder.assetcatalog; path = Assets.xcassets; sourceTree = "<group>"; };
		9425F0852E69B592009A884A /* Info.plist */ = {isa = PBXFileReference; lastKnownFileType = text.plist.xml; path = Info.plist; sourceTree = "<group>"; };
		9425F0862E69B592009A884A /* Base */ = {isa = PBXFileReference; lastKnownFileType = file.storyboard; name = Base; path = Base.lproj/LaunchScreen.storyboard; sourceTree = "<group>"; };
		9425F08A2E69B592009A884A /* SceneDelegate.swift */ = {isa = PBXFileReference; lastKnownFileType = sourcecode.swift; path = SceneDelegate.swift; sourceTree = "<group>"; };
		9425F08B2E69B592009A884A /* TabBarController.swift */ = {isa = PBXFileReference; lastKnownFileType = sourcecode.swift; path = TabBarController.swift; sourceTree = "<group>"; };
		9425F0972E6AC8AA009A884A /* UIViewController+Extensions.swift */ = {isa = PBXFileReference; lastKnownFileType = sourcecode.swift; path = "UIViewController+Extensions.swift"; sourceTree = "<group>"; };
		9468BEB42E6EB4C900419591 /* StatsViewController.swift */ = {isa = PBXFileReference; lastKnownFileType = sourcecode.swift; path = StatsViewController.swift; sourceTree = "<group>"; };
		9468BEB62E6EB50E00419591 /* TrackersViewController.swift */ = {isa = PBXFileReference; lastKnownFileType = sourcecode.swift; path = TrackersViewController.swift; sourceTree = "<group>"; };
		9468BEB82E6ED0B300419591 /* UIView+Extensions.swift */ = {isa = PBXFileReference; lastKnownFileType = sourcecode.swift; path = "UIView+Extensions.swift"; sourceTree = "<group>"; };
		9468BEBA2E6ED9A400419591 /* UIButton+Extensions.swift */ = {isa = PBXFileReference; lastKnownFileType = sourcecode.swift; path = "UIButton+Extensions.swift"; sourceTree = "<group>"; };
		9468BEBC2E700FF100419591 /* UILabel+Extensions.swift */ = {isa = PBXFileReference; lastKnownFileType = sourcecode.swift; path = "UILabel+Extensions.swift"; sourceTree = "<group>"; };
		94FF964E2E72C10A00B75A0F /* Tracker.swift */ = {isa = PBXFileReference; lastKnownFileType = sourcecode.swift; path = Tracker.swift; sourceTree = "<group>"; };
		94FF96502E72C30B00B75A0F /* TrackerCategory.swift */ = {isa = PBXFileReference; lastKnownFileType = sourcecode.swift; path = TrackerCategory.swift; sourceTree = "<group>"; };
		94FF96522E72C36200B75A0F /* TrackerRecord.swift */ = {isa = PBXFileReference; lastKnownFileType = sourcecode.swift; path = TrackerRecord.swift; sourceTree = "<group>"; };
/* End PBXFileReference section */

/* Begin PBXFrameworksBuildPhase section */
		9425F0682E69B548009A884A /* Frameworks */ = {
			isa = PBXFrameworksBuildPhase;
			buildActionMask = 2147483647;
			files = (
			);
			runOnlyForDeploymentPostprocessing = 0;
		};
/* End PBXFrameworksBuildPhase section */

/* Begin PBXGroup section */
		9425F0622E69B548009A884A = {
			isa = PBXGroup;
			children = (
				9425F08C2E69B592009A884A /* Tracker */,
				9425F06C2E69B548009A884A /* Products */,
			);
			sourceTree = "<group>";
		};
		9425F06C2E69B548009A884A /* Products */ = {
			isa = PBXGroup;
			children = (
				9425F06B2E69B548009A884A /* Tracker.app */,
			);
			name = Products;
			sourceTree = "<group>";
		};
		9425F08C2E69B592009A884A /* Tracker */ = {
			isa = PBXGroup;
			children = (
				94FF964D2E72C0F800B75A0F /* Models */,
				9425F0962E6AC8A1009A884A /* Extensions */,
				9425F0952E69B6BA009A884A /* Presentation */,
				9425F0942E69B5A9009A884A /* Resources */,
				9425F08A2E69B592009A884A /* SceneDelegate.swift */,
				9425F0832E69B592009A884A /* AppDelegate.swift */,
			);
			path = Tracker;
			sourceTree = "<group>";
		};
		9425F0942E69B5A9009A884A /* Resources */ = {
			isa = PBXGroup;
			children = (
				9425F0842E69B592009A884A /* Assets.xcassets */,
				9425F0852E69B592009A884A /* Info.plist */,
				9425F0872E69B592009A884A /* LaunchScreen.storyboard */,
			);
			path = Resources;
			sourceTree = "<group>";
		};
		9425F0952E69B6BA009A884A /* Presentation */ = {
			isa = PBXGroup;
			children = (
				9468BEB32E6EB49500419591 /* Stat */,
				9468BEB22E6EB46600419591 /* Tracker */,
				9468BEB12E6EB43300419591 /* TabBar */,
			);
			path = Presentation;
			sourceTree = "<group>";
		};
		9425F0962E6AC8A1009A884A /* Extensions */ = {
			isa = PBXGroup;
			children = (
				9468BEBC2E700FF100419591 /* UILabel+Extensions.swift */,
				9468BEBA2E6ED9A400419591 /* UIButton+Extensions.swift */,
				9468BEB82E6ED0B300419591 /* UIView+Extensions.swift */,
				9425F0972E6AC8AA009A884A /* UIViewController+Extensions.swift */,
			);
			path = Extensions;
			sourceTree = "<group>";
		};
		9468BEB12E6EB43300419591 /* TabBar */ = {
			isa = PBXGroup;
			children = (
				9425F08B2E69B592009A884A /* TabBarController.swift */,
			);
			path = TabBar;
			sourceTree = "<group>";
		};
		9468BEB22E6EB46600419591 /* Tracker */ = {
			isa = PBXGroup;
			children = (
				9468BEB62E6EB50E00419591 /* TrackersViewController.swift */,
			);
			path = Tracker;
			sourceTree = "<group>";
		};
		9468BEB32E6EB49500419591 /* Stat */ = {
			isa = PBXGroup;
			children = (
				9468BEB42E6EB4C900419591 /* StatsViewController.swift */,
			);
			path = Stat;
			sourceTree = "<group>";
		};
		94FF964D2E72C0F800B75A0F /* Models */ = {
			isa = PBXGroup;
			children = (
				94FF96522E72C36200B75A0F /* TrackerRecord.swift */,
				94FF96502E72C30B00B75A0F /* TrackerCategory.swift */,
				94FF964E2E72C10A00B75A0F /* Tracker.swift */,
			);
			path = Models;
			sourceTree = "<group>";
		};
/* End PBXGroup section */

/* Begin PBXNativeTarget section */
		9425F06A2E69B548009A884A /* Tracker */ = {
			isa = PBXNativeTarget;
			buildConfigurationList = 9425F07E2E69B551009A884A /* Build configuration list for PBXNativeTarget "Tracker" */;
			buildPhases = (
				9425F0672E69B548009A884A /* Sources */,
				9425F0682E69B548009A884A /* Frameworks */,
				9425F0692E69B548009A884A /* Resources */,
			);
			buildRules = (
			);
			dependencies = (
			);
			name = Tracker;
			packageProductDependencies = (
			);
			productName = Tracker;
			productReference = 9425F06B2E69B548009A884A /* Tracker.app */;
			productType = "com.apple.product-type.application";
		};
/* End PBXNativeTarget section */

/* Begin PBXProject section */
		9425F0632E69B548009A884A /* Project object */ = {
			isa = PBXProject;
			attributes = {
				BuildIndependentTargetsInParallel = 1;
				LastSwiftUpdateCheck = 1620;
				LastUpgradeCheck = 1620;
				TargetAttributes = {
					9425F06A2E69B548009A884A = {
						CreatedOnToolsVersion = 16.2;
					};
				};
			};
			buildConfigurationList = 9425F0662E69B548009A884A /* Build configuration list for PBXProject "Tracker" */;
			developmentRegion = en;
			hasScannedForEncodings = 0;
			knownRegions = (
				en,
				Base,
			);
			mainGroup = 9425F0622E69B548009A884A;
			minimizedProjectReferenceProxies = 1;
			preferredProjectObjectVersion = 77;
			productRefGroup = 9425F06C2E69B548009A884A /* Products */;
			projectDirPath = "";
			projectRoot = "";
			targets = (
				9425F06A2E69B548009A884A /* Tracker */,
			);
		};
/* End PBXProject section */

/* Begin PBXResourcesBuildPhase section */
		9425F0692E69B548009A884A /* Resources */ = {
			isa = PBXResourcesBuildPhase;
			buildActionMask = 2147483647;
			files = (
				9425F0902E69B592009A884A /* Assets.xcassets in Resources */,
				9425F0922E69B592009A884A /* LaunchScreen.storyboard in Resources */,
			);
			runOnlyForDeploymentPostprocessing = 0;
		};
/* End PBXResourcesBuildPhase section */

/* Begin PBXSourcesBuildPhase section */
		9425F0672E69B548009A884A /* Sources */ = {
			isa = PBXSourcesBuildPhase;
			buildActionMask = 2147483647;
			files = (
				9468BEB92E6ED0B800419591 /* UIView+Extensions.swift in Sources */,
				9468BEBB2E6ED9B100419591 /* UIButton+Extensions.swift in Sources */,
				94FF964F2E72C10E00B75A0F /* Tracker.swift in Sources */,
				9425F0982E6AC8AE009A884A /* UIViewController+Extensions.swift in Sources */,
				9468BEBD2E700FFD00419591 /* UILabel+Extensions.swift in Sources */,
				94FF96532E72C36800B75A0F /* TrackerRecord.swift in Sources */,
				9425F08D2E69B592009A884A /* AppDelegate.swift in Sources */,
				9425F08E2E69B592009A884A /* SceneDelegate.swift in Sources */,
				9468BEB52E6EB4D700419591 /* StatsViewController.swift in Sources */,
				9425F08F2E69B592009A884A /* TabBarController.swift in Sources */,
				9468BEB72E6EB52100419591 /* TrackersViewController.swift in Sources */,
				94FF96512E72C31200B75A0F /* TrackerCategory.swift in Sources */,
			);
			runOnlyForDeploymentPostprocessing = 0;
		};
/* End PBXSourcesBuildPhase section */

/* Begin PBXVariantGroup section */
		9425F0872E69B592009A884A /* LaunchScreen.storyboard */ = {
			isa = PBXVariantGroup;
			children = (
				9425F0862E69B592009A884A /* Base */,
			);
			name = LaunchScreen.storyboard;
			sourceTree = "<group>";
		};
/* End PBXVariantGroup section */

/* Begin XCBuildConfiguration section */
		9425F07F2E69B551009A884A /* Debug */ = {
			isa = XCBuildConfiguration;
			buildSettings = {
				ASSETCATALOG_COMPILER_APPICON_NAME = AppIcon;
				ASSETCATALOG_COMPILER_GLOBAL_ACCENT_COLOR_NAME = AccentColor;
				CODE_SIGN_STYLE = Automatic;
				CURRENT_PROJECT_VERSION = 1;
				DEVELOPMENT_TEAM = 9CRL79R2YB;
				GENERATE_INFOPLIST_FILE = YES;
				INFOPLIST_FILE = Tracker/Resources/Info.plist;
				INFOPLIST_KEY_UIApplicationSupportsIndirectInputEvents = YES;
				INFOPLIST_KEY_UILaunchStoryboardName = LaunchScreen;
				INFOPLIST_KEY_UIRequiresFullScreen = YES;
				INFOPLIST_KEY_UISupportedInterfaceOrientations = UIInterfaceOrientationPortrait;
				IPHONEOS_DEPLOYMENT_TARGET = 15.6;
				LD_RUNPATH_SEARCH_PATHS = (
					"$(inherited)",
					"@executable_path/Frameworks",
				);
				MARKETING_VERSION = 1.0;
				PRODUCT_BUNDLE_IDENTIFIER = ru.redmadcat.Tracker;
				PRODUCT_NAME = "$(TARGET_NAME)";
				SWIFT_EMIT_LOC_STRINGS = YES;
				SWIFT_VERSION = 5.0;
				TARGETED_DEVICE_FAMILY = "1,2";
			};
			name = Debug;
		};
		9425F0802E69B551009A884A /* Release */ = {
			isa = XCBuildConfiguration;
			buildSettings = {
				ASSETCATALOG_COMPILER_APPICON_NAME = AppIcon;
				ASSETCATALOG_COMPILER_GLOBAL_ACCENT_COLOR_NAME = AccentColor;
				CODE_SIGN_STYLE = Automatic;
				CURRENT_PROJECT_VERSION = 1;
				DEVELOPMENT_TEAM = 9CRL79R2YB;
				GENERATE_INFOPLIST_FILE = YES;
				INFOPLIST_FILE = Tracker/Resources/Info.plist;
				INFOPLIST_KEY_UIApplicationSupportsIndirectInputEvents = YES;
				INFOPLIST_KEY_UILaunchStoryboardName = LaunchScreen;
				INFOPLIST_KEY_UIRequiresFullScreen = YES;
				INFOPLIST_KEY_UISupportedInterfaceOrientations = UIInterfaceOrientationPortrait;
				IPHONEOS_DEPLOYMENT_TARGET = 15.6;
				LD_RUNPATH_SEARCH_PATHS = (
					"$(inherited)",
					"@executable_path/Frameworks",
				);
				MARKETING_VERSION = 1.0;
				PRODUCT_BUNDLE_IDENTIFIER = ru.redmadcat.Tracker;
				PRODUCT_NAME = "$(TARGET_NAME)";
				SWIFT_EMIT_LOC_STRINGS = YES;
				SWIFT_VERSION = 5.0;
				TARGETED_DEVICE_FAMILY = "1,2";
			};
			name = Release;
		};
		9425F0812E69B551009A884A /* Debug */ = {
			isa = XCBuildConfiguration;
			buildSettings = {
				ALWAYS_SEARCH_USER_PATHS = NO;
				ASSETCATALOG_COMPILER_GENERATE_SWIFT_ASSET_SYMBOL_EXTENSIONS = YES;
				CLANG_ANALYZER_NONNULL = YES;
				CLANG_ANALYZER_NUMBER_OBJECT_CONVERSION = YES_AGGRESSIVE;
				CLANG_CXX_LANGUAGE_STANDARD = "gnu++20";
				CLANG_ENABLE_MODULES = YES;
				CLANG_ENABLE_OBJC_ARC = YES;
				CLANG_ENABLE_OBJC_WEAK = YES;
				CLANG_WARN_BLOCK_CAPTURE_AUTORELEASING = YES;
				CLANG_WARN_BOOL_CONVERSION = YES;
				CLANG_WARN_COMMA = YES;
				CLANG_WARN_CONSTANT_CONVERSION = YES;
				CLANG_WARN_DEPRECATED_OBJC_IMPLEMENTATIONS = YES;
				CLANG_WARN_DIRECT_OBJC_ISA_USAGE = YES_ERROR;
				CLANG_WARN_DOCUMENTATION_COMMENTS = YES;
				CLANG_WARN_EMPTY_BODY = YES;
				CLANG_WARN_ENUM_CONVERSION = YES;
				CLANG_WARN_INFINITE_RECURSION = YES;
				CLANG_WARN_INT_CONVERSION = YES;
				CLANG_WARN_NON_LITERAL_NULL_CONVERSION = YES;
				CLANG_WARN_OBJC_IMPLICIT_RETAIN_SELF = YES;
				CLANG_WARN_OBJC_LITERAL_CONVERSION = YES;
				CLANG_WARN_OBJC_ROOT_CLASS = YES_ERROR;
				CLANG_WARN_QUOTED_INCLUDE_IN_FRAMEWORK_HEADER = YES;
				CLANG_WARN_RANGE_LOOP_ANALYSIS = YES;
				CLANG_WARN_STRICT_PROTOTYPES = YES;
				CLANG_WARN_SUSPICIOUS_MOVE = YES;
				CLANG_WARN_UNGUARDED_AVAILABILITY = YES_AGGRESSIVE;
				CLANG_WARN_UNREACHABLE_CODE = YES;
				CLANG_WARN__DUPLICATE_METHOD_MATCH = YES;
				COPY_PHASE_STRIP = NO;
				DEBUG_INFORMATION_FORMAT = dwarf;
				ENABLE_STRICT_OBJC_MSGSEND = YES;
				ENABLE_TESTABILITY = YES;
				ENABLE_USER_SCRIPT_SANDBOXING = YES;
				GCC_C_LANGUAGE_STANDARD = gnu17;
				GCC_DYNAMIC_NO_PIC = NO;
				GCC_NO_COMMON_BLOCKS = YES;
				GCC_OPTIMIZATION_LEVEL = 0;
				GCC_PREPROCESSOR_DEFINITIONS = (
					"DEBUG=1",
					"$(inherited)",
				);
				GCC_WARN_64_TO_32_BIT_CONVERSION = YES;
				GCC_WARN_ABOUT_RETURN_TYPE = YES_ERROR;
				GCC_WARN_UNDECLARED_SELECTOR = YES;
				GCC_WARN_UNINITIALIZED_AUTOS = YES_AGGRESSIVE;
				GCC_WARN_UNUSED_FUNCTION = YES;
				GCC_WARN_UNUSED_VARIABLE = YES;
				IPHONEOS_DEPLOYMENT_TARGET = 18.2;
				LOCALIZATION_PREFERS_STRING_CATALOGS = YES;
				MTL_ENABLE_DEBUG_INFO = INCLUDE_SOURCE;
				MTL_FAST_MATH = YES;
				ONLY_ACTIVE_ARCH = YES;
				SDKROOT = iphoneos;
				SWIFT_ACTIVE_COMPILATION_CONDITIONS = "DEBUG $(inherited)";
				SWIFT_OPTIMIZATION_LEVEL = "-Onone";
			};
			name = Debug;
		};
		9425F0822E69B551009A884A /* Release */ = {
			isa = XCBuildConfiguration;
			buildSettings = {
				ALWAYS_SEARCH_USER_PATHS = NO;
				ASSETCATALOG_COMPILER_GENERATE_SWIFT_ASSET_SYMBOL_EXTENSIONS = YES;
				CLANG_ANALYZER_NONNULL = YES;
				CLANG_ANALYZER_NUMBER_OBJECT_CONVERSION = YES_AGGRESSIVE;
				CLANG_CXX_LANGUAGE_STANDARD = "gnu++20";
				CLANG_ENABLE_MODULES = YES;
				CLANG_ENABLE_OBJC_ARC = YES;
				CLANG_ENABLE_OBJC_WEAK = YES;
				CLANG_WARN_BLOCK_CAPTURE_AUTORELEASING = YES;
				CLANG_WARN_BOOL_CONVERSION = YES;
				CLANG_WARN_COMMA = YES;
				CLANG_WARN_CONSTANT_CONVERSION = YES;
				CLANG_WARN_DEPRECATED_OBJC_IMPLEMENTATIONS = YES;
				CLANG_WARN_DIRECT_OBJC_ISA_USAGE = YES_ERROR;
				CLANG_WARN_DOCUMENTATION_COMMENTS = YES;
				CLANG_WARN_EMPTY_BODY = YES;
				CLANG_WARN_ENUM_CONVERSION = YES;
				CLANG_WARN_INFINITE_RECURSION = YES;
				CLANG_WARN_INT_CONVERSION = YES;
				CLANG_WARN_NON_LITERAL_NULL_CONVERSION = YES;
				CLANG_WARN_OBJC_IMPLICIT_RETAIN_SELF = YES;
				CLANG_WARN_OBJC_LITERAL_CONVERSION = YES;
				CLANG_WARN_OBJC_ROOT_CLASS = YES_ERROR;
				CLANG_WARN_QUOTED_INCLUDE_IN_FRAMEWORK_HEADER = YES;
				CLANG_WARN_RANGE_LOOP_ANALYSIS = YES;
				CLANG_WARN_STRICT_PROTOTYPES = YES;
				CLANG_WARN_SUSPICIOUS_MOVE = YES;
				CLANG_WARN_UNGUARDED_AVAILABILITY = YES_AGGRESSIVE;
				CLANG_WARN_UNREACHABLE_CODE = YES;
				CLANG_WARN__DUPLICATE_METHOD_MATCH = YES;
				COPY_PHASE_STRIP = NO;
				DEBUG_INFORMATION_FORMAT = "dwarf-with-dsym";
				ENABLE_NS_ASSERTIONS = NO;
				ENABLE_STRICT_OBJC_MSGSEND = YES;
				ENABLE_USER_SCRIPT_SANDBOXING = YES;
				GCC_C_LANGUAGE_STANDARD = gnu17;
				GCC_NO_COMMON_BLOCKS = YES;
				GCC_WARN_64_TO_32_BIT_CONVERSION = YES;
				GCC_WARN_ABOUT_RETURN_TYPE = YES_ERROR;
				GCC_WARN_UNDECLARED_SELECTOR = YES;
				GCC_WARN_UNINITIALIZED_AUTOS = YES_AGGRESSIVE;
				GCC_WARN_UNUSED_FUNCTION = YES;
				GCC_WARN_UNUSED_VARIABLE = YES;
				IPHONEOS_DEPLOYMENT_TARGET = 18.2;
				LOCALIZATION_PREFERS_STRING_CATALOGS = YES;
				MTL_ENABLE_DEBUG_INFO = NO;
				MTL_FAST_MATH = YES;
				SDKROOT = iphoneos;
				SWIFT_COMPILATION_MODE = wholemodule;
				VALIDATE_PRODUCT = YES;
			};
			name = Release;
		};
/* End XCBuildConfiguration section */

/* Begin XCConfigurationList section */
		9425F0662E69B548009A884A /* Build configuration list for PBXProject "Tracker" */ = {
			isa = XCConfigurationList;
			buildConfigurations = (
				9425F0812E69B551009A884A /* Debug */,
				9425F0822E69B551009A884A /* Release */,
			);
			defaultConfigurationIsVisible = 0;
			defaultConfigurationName = Release;
		};
		9425F07E2E69B551009A884A /* Build configuration list for PBXNativeTarget "Tracker" */ = {
			isa = XCConfigurationList;
			buildConfigurations = (
				9425F07F2E69B551009A884A /* Debug */,
				9425F0802E69B551009A884A /* Release */,
			);
			defaultConfigurationIsVisible = 0;
			defaultConfigurationName = Release;
		};
/* End XCConfigurationList section */
	};
	rootObject = 9425F0632E69B548009A884A /* Project object */;
}
